{
  "requires": true,
  "lockfileVersion": 1,
  "dependencies": {
    "types-registry": {
      "version": "0.1.466",
      "resolved": "https://registry.npmjs.org/types-registry/-/types-registry-0.1.466.tgz",
      "integrity": "sha512-6bCx459thM4MrST9xCLRXnE5MK4nYL5mN9XpHsCxzUdAJOs/atzEyl8bJcMY/y8eMb+r2iCl6vlC45PGzpavNA=="
    }
  }
}
