{
  "requires": true,
  "lockfileVersion": 1,
  "dependencies": {
    "@types/abbrev": {
      "version": "1.1.1",
      "resolved": "https://registry.npmjs.org/@types/abbrev/-/abbrev-1.1.1.tgz",
      "integrity": "sha512-Yz32DXIriZIUIzf6zLE39e24F6jljUHyhxcEUCOyBRNKKBmg2NCoUWfH8h6VzkOLQYw6ImtJaFZggQevLYLC8w==",
      "dev": true
    },
    "@types/accepts": {
      "version": "1.3.5",
      "resolved": "https://registry.npmjs.org/@types/accepts/-/accepts-1.3.5.tgz",
      "integrity": "sha512-jOdnI/3qTpHABjM5cx1Hc0sKsPoYCp+DP/GJRGtDlPd7fiV9oXGGIcjW/ZOxLIvjGz8MA+uMZI9metHlgqbgwQ==",
      "dev": true,
      "requires": {
        "@types/node": "*"
      }
    },
    "@types/ansi-styles": {
      "version": "3.2.1",
      "resolved": "https://registry.npmjs.org/@types/ansi-styles/-/ansi-styles-3.2.1.tgz",
      "integrity": "sha512-UFa7mfKgSutXdT+elzJo8Ulr7FHgLNAyglVIOZYXFNJVQERm8DPrcwPret5BYk66LBE7fwm1XoVGi76MJkQ6ow==",
      "dev": true,
      "requires": {
        "@types/color-name": "*"
      }
    },
    "@types/anymatch": {
      "version": "1.3.1",
      "resolved": "https://registry.npmjs.org/@types/anymatch/-/anymatch-1.3.1.tgz",
      "integrity": "sha512-/+CRPXpBDpo2RK9C68N3b2cOvO0Cf5B9aPijHsoDQTHivnGSObdOF2BRQOYjojWTDy6nQvMjmqRXIxH55VjxxA==",
      "dev": true
    },
    "@types/balanced-match": {
      "version": "1.0.0",
      "resolved": "https://registry.npmjs.org/@types/balanced-match/-/balanced-match-1.0.0.tgz",
      "integrity": "sha512-WSpYy5WUZHikiG0SSDAAujffxqKPhWruKwmuYs+SJetUSoQ52J2dRyGW+PuIQ4W2uqm7l4DclCIbievE0qKOwQ==",
      "dev": true
    },
    "@types/body-parser": {
      "version": "1.17.1",
      "resolved": "https://registry.npmjs.org/@types/body-parser/-/body-parser-1.17.1.tgz",
      "integrity": "sha512-RoX2EZjMiFMjZh9lmYrwgoP9RTpAjSHiJxdp4oidAQVO02T7HER3xj9UKue5534ULWeqVEkujhWcyvUce+d68w==",
      "dev": true,
      "requires": {
        "@types/connect": "*",
        "@types/node": "*"
      }
    },
    "@types/brace-expansion": {
      "version": "1.1.0",
      "resolved": "https://registry.npmjs.org/@types/brace-expansion/-/brace-expansion-1.1.0.tgz",
      "integrity": "sha512-SaU/Kgp6z40CiF9JxlsrSrBEa+8YIry9IiCPhhYSNekeEhIAkY7iyu9aZ+5dSQIdo7mf86MUVvxWYm5GAzB/0g==",
      "dev": true
    },
    "@types/braces": {
      "version": "3.0.0",
      "resolved": "https://registry.npmjs.org/@types/braces/-/braces-3.0.0.tgz",
      "integrity": "sha512-TbH79tcyi9FHwbyboOKeRachRq63mSuWYXOflsNO9ZyE5ClQ/JaozNKl+aWUq87qPNsXasXxi2AbgfwIJ+8GQw==",
      "dev": true
    },
    "@types/bytes": {
      "version": "3.1.0",
      "resolved": "https://registry.npmjs.org/@types/bytes/-/bytes-3.1.0.tgz",
      "integrity": "sha512-5YG1AiIC8HPPXRvYAIa7ehK3YMAwd0DWiPCtpuL9sgKceWLyWsVtLRA+lT4NkoanDNF9slwQ66lPizWDpgRlWA==",
      "dev": true
    },
    "@types/ci-info": {
      "version": "2.0.0",
      "resolved": "https://registry.npmjs.org/@types/ci-info/-/ci-info-2.0.0.tgz",
      "integrity": "sha512-5R2/MHILQLDCzTuhs1j4Qqq8AaKUf7Ma4KSSkCtc12+fMs47zfa34qhto9goxpyX00tQK1zxB885VCiawZ5Qhg==",
      "dev": true
    },
    "@types/color-convert": {
      "version": "1.9.0",
      "resolved": "https://registry.npmjs.org/@types/color-convert/-/color-convert-1.9.0.tgz",
      "integrity": "sha512-OKGEfULrvSL2VRbkl/gnjjgbbF7ycIlpSsX7Nkab4MOWi5XxmgBYvuiQ7lcCFY5cPDz7MUNaKgxte2VRmtr4Fg==",
      "dev": true,
      "requires": {
        "@types/color-name": "*"
      }
    },
    "@types/color-name": {
      "version": "1.1.1",
      "resolved": "https://registry.npmjs.org/@types/color-name/-/color-name-1.1.1.tgz",
      "integrity": "sha512-rr+OQyAjxze7GgWrSaJwydHStIhHq2lvY3BOC2Mj7KnzI7XK0Uw1TOOdI9lDoajEbSWLiYgoo4f1R51erQfhPQ==",
      "dev": true
    },
    "@types/concat-map": {
      "version": "0.0.0",
      "resolved": "https://registry.npmjs.org/@types/concat-map/-/concat-map-0.0.0.tgz",
      "integrity": "sha512-azvBlYrjybAiOzj0C/ef5rwsGBcVHrrhULrcW757lLtWJtJ6twV6XgB/oYp2xOppFbjCWDoOLHmW/SpUiyRTWw==",
      "dev": true
    },
    "@types/configstore": {
      "version": "4.0.0",
      "resolved": "https://registry.npmjs.org/@types/configstore/-/configstore-4.0.0.tgz",
      "integrity": "sha512-SvCBBPzOIe/3Tu7jTl2Q8NjITjLmq9m7obzjSyb8PXWWZ31xVK6w4T6v8fOx+lrgQnqk3Yxc00LDolFsSakKCA==",
      "dev": true
    },
    "@types/connect": {
      "version": "3.4.32",
      "resolved": "https://registry.npmjs.org/@types/connect/-/connect-3.4.32.tgz",
      "integrity": "sha512-4r8qa0quOvh7lGD0pre62CAb1oni1OO6ecJLGCezTmhQ8Fz50Arx9RUszryR8KlgK6avuSXvviL6yWyViQABOg==",
      "dev": true,
      "requires": {
        "@types/node": "*"
      }
    },
    "@types/content-disposition": {
      "version": "0.5.2",
      "resolved": "https://registry.npmjs.org/@types/content-disposition/-/content-disposition-0.5.2.tgz",
      "integrity": "sha1-GMyw/RJoCOSYqCDLgUnAByorkGY=",
      "dev": true
    },
    "@types/content-type": {
      "version": "1.1.3",
      "resolved": "https://registry.npmjs.org/@types/content-type/-/content-type-1.1.3.tgz",
      "integrity": "sha512-pv8VcFrZ3fN93L4rTNIbbUzdkzjEyVMp5mPVjsFfOYTDOZMZiZ8P1dhu+kEv3faYyKzZgLlSvnyQNFg+p/v5ug==",
      "dev": true
    },
    "@types/cookie": {
      "version": "0.3.3",
      "resolved": "https://registry.npmjs.org/@types/cookie/-/cookie-0.3.3.tgz",
      "integrity": "sha512-LKVP3cgXBT9RYj+t+9FDKwS5tdI+rPBXaNSkma7hvqy35lc7mAokC2zsqWJH0LaqIt3B962nuYI77hsJoT1gow==",
      "dev": true
    },
    "@types/cookie-signature": {
      "version": "1.0.3",
      "resolved": "https://registry.npmjs.org/@types/cookie-signature/-/cookie-signature-1.0.3.tgz",
      "integrity": "sha512-0jpd4oizLaBybWBCew/lx4iAjjNWmCfzbspvnjoppyGEquN51BjShmPCksiH2IXLwtxQ2F/e2PkFy0LL7jpLsw==",
      "dev": true
    },
    "@types/cross-spawn": {
      "version": "6.0.1",
      "resolved": "https://registry.npmjs.org/@types/cross-spawn/-/cross-spawn-6.0.1.tgz",
      "integrity": "sha512-MtN1pDYdI6D6QFDzy39Q+6c9rl2o/xN7aWGe6oZuzqq5N6+YuwFsWiEAv3dNzvzN9YzU+itpN8lBzFpphQKLAw==",
      "dev": true,
      "requires": {
        "@types/node": "*"
      }
    },
    "@types/debug": {
      "version": "4.1.5",
      "resolved": "https://registry.npmjs.org/@types/debug/-/debug-4.1.5.tgz",
      "integrity": "sha512-Q1y515GcOdTHgagaVFhHnIFQ38ygs/kmxdNpvpou+raI9UO3YZcHDngBSYKQklcKlvA7iuQlmIKbzvmxcOE9CQ==",
      "dev": true
    },
    "@types/deep-extend": {
      "version": "0.4.31",
      "resolved": "https://registry.npmjs.org/@types/deep-extend/-/deep-extend-0.4.31.tgz",
      "integrity": "sha512-0stqrMZB7vxsRTe//XEpr6A9+fThL2y/g6qzDG5ZgMJwuOceqOBDfh+g99tuN/XS58V52aPNTfWVS49Xvh842w==",
      "dev": true
    },
    "@types/depd": {
      "version": "1.1.32",
      "resolved": "https://registry.npmjs.org/@types/depd/-/depd-1.1.32.tgz",
      "integrity": "sha512-kB2cpXs3A0TGWl4a4h74yIwvclYZUTW6Irpee/3Dc1s4Cr5rGPHtpGPpBBpEV1MaKH5z/oul+57oDkEkeRXRnw==",
      "dev": true,
      "requires": {
        "@types/node": "*"
      }
    },
    "@types/destroy": {
      "version": "1.0.0",
      "resolved": "https://registry.npmjs.org/@types/destroy/-/destroy-1.0.0.tgz",
      "integrity": "sha512-nE3ePJLWPRu/qFHN8mj3fWnkr9K9ezwoiG4yOis2DuLeAawlnOOT/pM29JQkityrwfEvkblU5O9iS1bsiMqtDw==",
      "dev": true,
      "requires": {
        "@types/node": "*"
      }
    },
    "@types/duplexer3": {
      "version": "0.1.0",
      "resolved": "https://registry.npmjs.org/@types/duplexer3/-/duplexer3-0.1.0.tgz",
      "integrity": "sha512-Ic1YJU+9xPaG6IzJtMDFVkbemkgZt1ZcY/j4mYEFvUz6akk79sIf82WGAZYAPNNdH11WLDCv03QlPZHbQW43sg==",
      "dev": true,
      "requires": {
        "@types/node": "*"
      }
    },
    "@types/ee-first": {
      "version": "1.1.0",
      "resolved": "https://registry.npmjs.org/@types/ee-first/-/ee-first-1.1.0.tgz",
      "integrity": "sha512-Vkq1JoYsK7Uojrh/m+esVXhue+o5yJzqJojgRZawx+BTeztuS2O9fw2f5ZbTAo1qTeD8NKfwZ8WBvdNkBOEOqA==",
      "dev": true,
      "requires": {
        "@types/node": "*"
      }
    },
    "@types/encodeurl": {
      "version": "1.0.0",
      "resolved": "https://registry.npmjs.org/@types/encodeurl/-/encodeurl-1.0.0.tgz",
      "integrity": "sha512-iO2Q6xQOJ5DtOB6wJ2KIetFq9JRTbpzcKTe2aS6CCsa+W9KNWX2yXx9KeB5sY/nBfAWN43LkPg6SFB+ldsW9ZA==",
      "dev": true
    },
    "@types/escape-html": {
      "version": "0.0.20",
      "resolved": "https://registry.npmjs.org/@types/escape-html/-/escape-html-0.0.20.tgz",
      "integrity": "sha512-6dhZJLbA7aOwkYB2GDGdIqJ20wmHnkDzaxV9PJXe7O02I2dSFTERzRB6JrX6cWKaS+VqhhY7cQUMCbO5kloFUw==",
      "dev": true
    },
    "@types/etag": {
      "version": "1.8.0",
      "resolved": "https://registry.npmjs.org/@types/etag/-/etag-1.8.0.tgz",
      "integrity": "sha512-EdSN0x+Y0/lBv7YAb8IU4Jgm6DWM+Bqtz7o5qozl96fzaqdqbdfHS5qjdpFeIv7xQ8jSLyjMMNShgYtMajEHyQ==",
      "dev": true,
      "requires": {
        "@types/node": "*"
      }
    },
    "@types/express": {
      "version": "4.17.2",
      "resolved": "https://registry.npmjs.org/@types/express/-/express-4.17.2.tgz",
      "integrity": "sha512-5mHFNyavtLoJmnusB8OKJ5bshSzw+qkMIBAobLrIM48HJvunFva9mOa6aBwh64lBFyNwBbs0xiEFuj4eU/NjCA==",
      "dev": true,
      "requires": {
        "@types/body-parser": "*",
        "@types/express-serve-static-core": "*",
        "@types/serve-static": "*"
      }
    },
    "@types/express-serve-static-core": {
      "version": "4.17.0",
      "resolved": "https://registry.npmjs.org/@types/express-serve-static-core/-/express-serve-static-core-4.17.0.tgz",
      "integrity": "sha512-Xnub7w57uvcBqFdIGoRg1KhNOeEj0vB6ykUM7uFWyxvbdE89GFyqgmUcanAriMr4YOxNFZBAWkfcWIb4WBPt3g==",
      "dev": true,
      "requires": {
        "@types/node": "*",
        "@types/range-parser": "*"
      }
    },
    "@types/finalhandler": {
      "version": "1.1.0",
      "resolved": "https://registry.npmjs.org/@types/finalhandler/-/finalhandler-1.1.0.tgz",
      "integrity": "sha512-iMD07b+UPNuqA6cm3yjbTJUfFfZNZpDc6MGQGK60jy5sdqX1W4wUC5RAi3FhaW72+RmVnzYxba8byPP9FWL8/w==",
      "dev": true,
      "requires": {
        "@types/node": "*"
      }
    },
    "@types/forwarded": {
      "version": "0.1.0",
      "resolved": "https://registry.npmjs.org/@types/forwarded/-/forwarded-0.1.0.tgz",
      "integrity": "sha512-bMAatSgDFLgJ9m+uqmGvRIeZojIZYJmFKkPT+TKFOORgMNgJrjaAnYfr464GDn2q98VKn7VhkxX2tsbO6Fvtig==",
      "dev": true,
      "requires": {
        "@types/node": "*"
      }
    },
    "@types/fresh": {
      "version": "0.5.0",
      "resolved": "https://registry.npmjs.org/@types/fresh/-/fresh-0.5.0.tgz",
      "integrity": "sha512-eGPzuyc6wZM3sSHJdF7NM2jW6B/xsB014Rqg/iDa6xY02mlfy1w/TE2sYhR8vbHxkzJOXiGo6NuIk3xk35vsgQ==",
      "dev": true
    },
    "@types/glob-parent": {
      "version": "5.1.0",
      "resolved": "https://registry.npmjs.org/@types/glob-parent/-/glob-parent-5.1.0.tgz",
      "integrity": "sha512-XSqsa1R1xG8nCW4DUiedQ+t51y+OqK7wjArns7vjbphqODs6t49VwFGDDwIVBW5ZJQTuz52n671Qa6P1Wysa0A==",
      "dev": true
    },
    "@types/got": {
      "version": "9.6.9",
      "resolved": "https://registry.npmjs.org/@types/got/-/got-9.6.9.tgz",
      "integrity": "sha512-w+ZE+Ovp6fM+1sHwJB7RN3f3pTJHZkyABuULqbtknqezQyWadFEp5BzOXaZzRqAw2md6/d3ybxQJt+BNgpvzOg==",
      "dev": true,
      "requires": {
        "@types/node": "*",
        "@types/tough-cookie": "*",
        "form-data": "^2.5.0"
      }
    },
    "@types/graceful-fs": {
      "version": "4.1.3",
      "resolved": "https://registry.npmjs.org/@types/graceful-fs/-/graceful-fs-4.1.3.tgz",
      "integrity": "sha512-AiHRaEB50LQg0pZmm659vNBb9f4SJ0qrAnteuzhSeAUcJKxoYgEnprg/83kppCnc2zvtCKbdZry1a5pVY3lOTQ==",
      "dev": true,
      "requires": {
        "@types/node": "*"
      }
    },
    "@types/http-errors": {
      "version": "1.6.3",
      "resolved": "https://registry.npmjs.org/@types/http-errors/-/http-errors-1.6.3.tgz",
      "integrity": "sha512-4KCE/agIcoQ9bIfa4sBxbZdnORzRjIw8JNQPLfqoNv7wQl/8f8mRbW68Q8wBsQFoJkPUHGlQYZ9sqi5WpfGSEQ==",
      "dev": true
    },
    "@types/imurmurhash": {
      "version": "0.1.0",
      "resolved": "https://registry.npmjs.org/@types/imurmurhash/-/imurmurhash-0.1.0.tgz",
      "integrity": "sha512-G1xCxITePPxBO5IzbcFdxJxbzZqtewLIy8yDig4dUz8qCiPYVTDKF6haXTcK8dYVPeDvmo8mxIChfjWn8JTZ3A==",
      "dev": true
    },
    "@types/inherits": {
      "version": "0.0.30",
      "resolved": "https://registry.npmjs.org/@types/inherits/-/inherits-0.0.30.tgz",
      "integrity": "sha512-u3bSJhhwCMWsMdZhrX+PD2CsyxW0ahdrUWuC2EJCa6zQywA+nnj4+PkaGAf5nw2E7+05ww0epgY+kcxa7ojJUA==",
      "dev": true,
      "requires": {
        "@types/node": "*"
      }
    },
    "@types/ini": {
      "version": "1.3.30",
      "resolved": "https://registry.npmjs.org/@types/ini/-/ini-1.3.30.tgz",
      "integrity": "sha512-2+iF8zPSbpU83UKE+PNd4r/MhwNAdyGpk3H+VMgEH3EhjFZq1kouLgRoZrmIcmoGX97xFvqdS44DkICR5Nz3tQ==",
      "dev": true
    },
    "@types/is-ci": {
      "version": "2.0.0",
      "resolved": "https://registry.npmjs.org/@types/is-ci/-/is-ci-2.0.0.tgz",
      "integrity": "sha512-J8ytIdkALbTrqcJ6OZiEv0B9skfyok/zCDj1q06GGCDa1rlHnPobUBT0BYR1vku2oZVwVEgCurtXqCASAfjCiQ==",
      "dev": true,
      "requires": {
        "@types/ci-info": "*"
      }
    },
    "@types/is-glob": {
      "version": "4.0.1",
      "resolved": "https://registry.npmjs.org/@types/is-glob/-/is-glob-4.0.1.tgz",
      "integrity": "sha512-k3RS5HyBPu4h+5hTmIEfPB2rl5P3LnGdQEZrV2b9OWTJVtsUQ2VBcedqYKGqxvZqle5UALUXdSfVA8nf3HfyWQ==",
      "dev": true
    },
    "@types/is-number": {
      "version": "7.0.0",
      "resolved": "https://registry.npmjs.org/@types/is-number/-/is-number-7.0.0.tgz",
      "integrity": "sha512-22yxG9vfSLKP779bHhEX2qkyaKsR9oIqaJDmhFztgGJTziUWVqNSvv9/s9t6NtLXaYuwa5eeGauyFvbLzAA85A==",
      "dev": true
    },
    "@types/isexe": {
      "version": "2.0.0",
      "resolved": "https://registry.npmjs.org/@types/isexe/-/isexe-2.0.0.tgz",
      "integrity": "sha512-QuPJ6xd8TLfMy6l/pJ+oeRHYG8efIzR8WeyvFr/k4zbhcRqa+SQiVgUUb3D3PG3Si+XVuxn8RToCcfNCdFqr3g==",
      "dev": true,
      "requires": {
        "@types/node": "*"
      }
    },
    "@types/lru-cache": {
      "version": "5.1.0",
      "resolved": "https://registry.npmjs.org/@types/lru-cache/-/lru-cache-5.1.0.tgz",
      "integrity": "sha512-RaE0B+14ToE4l6UqdarKPnXwVDuigfFv+5j9Dze/Nqr23yyuqdNvzcZi3xB+3Agvi5R4EOgAksfv3lXX4vBt9w==",
      "dev": true
    },
    "@types/media-typer": {
      "version": "0.3.0",
      "resolved": "https://registry.npmjs.org/@types/media-typer/-/media-typer-0.3.0.tgz",
      "integrity": "sha512-Fk34eOs6nHW7S81Ik67dRfFYD6DNFl9MnwvoIIs2a+IUFtG81jBjZZZolQgAmI+dNWaU8NFOeN5XGIOAuzSTyQ==",
      "dev": true
    },
    "@types/merge-descriptors": {
      "version": "1.0.1",
      "resolved": "https://registry.npmjs.org/@types/merge-descriptors/-/merge-descriptors-1.0.1.tgz",
      "integrity": "sha512-dvY3+KXKTXn7sD9bFQsaPcw3FN9ljk82YDUDl7O2FsBVBhiN7Ya216aYUqUvlRdbL/lvW90SYAUJZ1fFnmtMUQ==",
      "dev": true
    },
    "@types/methods": {
      "version": "1.1.0",
      "resolved": "https://registry.npmjs.org/@types/methods/-/methods-1.1.0.tgz",
      "integrity": "sha512-ROomEm+QHlUmcQoDr3CBo3GRm0w4PVoFYjVT9YcfyBha/Per4deb1IpvHU7KTK7YBZCIvOYbSADoEyDnFgaWLA==",
      "dev": true
    },
    "@types/mime": {
      "version": "2.0.1",
      "resolved": "https://registry.npmjs.org/@types/mime/-/mime-2.0.1.tgz",
      "integrity": "sha512-FwI9gX75FgVBJ7ywgnq/P7tw+/o1GUbtP0KzbtusLigAOgIgNISRK0ZPl4qertvXSIE8YbsVJueQ90cDt9YYyw==",
      "dev": true
    },
    "@types/mime-db": {
      "version": "1.27.0",
      "resolved": "https://registry.npmjs.org/@types/mime-db/-/mime-db-1.27.0.tgz",
      "integrity": "sha1-m8AUof0f30dknBpUxt15ZrgoR5I=",
      "dev": true
    },
    "@types/mime-types": {
      "version": "2.1.0",
      "resolved": "https://registry.npmjs.org/@types/mime-types/-/mime-types-2.1.0.tgz",
      "integrity": "sha1-nKUs2jY/aZxpRmwqbM2q2RPqenM=",
      "dev": true
    },
    "@types/minimatch": {
      "version": "3.0.3",
      "resolved": "https://registry.npmjs.org/@types/minimatch/-/minimatch-3.0.3.tgz",
      "integrity": "sha512-tHq6qdbT9U1IRSGf14CL0pUlULksvY9OZ+5eEgl1N7t+OA3tGvNpxJCzuKQlsNgCVwbAs670L1vcVQi8j9HjnA==",
      "dev": true
    },
    "@types/minimist": {
      "version": "1.2.0",
      "resolved": "https://registry.npmjs.org/@types/minimist/-/minimist-1.2.0.tgz",
      "integrity": "sha1-aaI6OtKcrwCX8G7aWbNh7i8GOfY=",
      "dev": true
    },
    "@types/ms": {
      "version": "0.7.31",
      "resolved": "https://registry.npmjs.org/@types/ms/-/ms-0.7.31.tgz",
      "integrity": "sha512-iiUgKzV9AuaEkZqkOLDIvlQiL6ltuZd9tGcW3gwpnX8JbuiuhFlEGmmFXEXkN50Cvq7Os88IY2v0dkDqXYWVgA==",
      "dev": true
    },
    "@types/negotiator": {
      "version": "0.6.1",
      "resolved": "https://registry.npmjs.org/@types/negotiator/-/negotiator-0.6.1.tgz",
      "integrity": "sha512-c4mvXFByghezQ/eVGN5HvH/jI63vm3B7FiE81BUzDAWmuiohRecCO6ddU60dfq29oKUMiQujsoB2h0JQC7JHKA==",
      "dev": true
    },
    "@types/node": {
      "version": "12.12.11",
      "resolved": "https://registry.npmjs.org/@types/node/-/node-12.12.11.tgz",
      "integrity": "sha512-O+x6uIpa6oMNTkPuHDa9MhMMehlxLAd5QcOvKRjAFsBVpeFWTOPnXbDvILvFgFFZfQ1xh1EZi1FbXxUix+zpsQ==",
      "dev": true
    },
    "@types/nodemon": {
      "version": "1.19.0",
      "resolved": "https://registry.npmjs.org/@types/nodemon/-/nodemon-1.19.0.tgz",
      "integrity": "sha512-nf0PKjNv3wo0pyhlPkHjfpU2oUYMdOIsCXceiFG6kvhYxbTwn2ne9mz2iWvJ/4QtCrJUEPJLNXuyGleyTacdaw==",
      "dev": true,
      "requires": {
        "@types/node": "*"
      }
    },
    "@types/nopt": {
      "version": "3.0.29",
      "resolved": "https://registry.npmjs.org/@types/nopt/-/nopt-3.0.29.tgz",
      "integrity": "sha1-8Z3z20yX7hRZonQAKDIKcdcJZM4=",
      "dev": true
    },
    "@types/normalize-path": {
      "version": "3.0.0",
      "resolved": "https://registry.npmjs.org/@types/normalize-path/-/normalize-path-3.0.0.tgz",
      "integrity": "sha512-Nd8y/5t/7CRakPYiyPzr/IAfYusy1FkcZYFEAcoMZkwpJv2n4Wm+olW+e7xBdHEXhOnWdG9ddbar0gqZWS4x5Q==",
      "dev": true
    },
    "@types/on-finished": {
      "version": "2.3.1",
      "resolved": "https://registry.npmjs.org/@types/on-finished/-/on-finished-2.3.1.tgz",
      "integrity": "sha512-mzVYaYcFs5Jd2n/O6uYIRUsFRR1cHyZLRvkLCU0E7+G5WhY0qBDAR5fUCeZbvecYOSh9ikhlesyi2UfI8B9ckQ==",
      "dev": true,
      "requires": {
        "@types/node": "*"
      }
    },
    "@types/parseurl": {
      "version": "1.3.1",
      "resolved": "https://registry.npmjs.org/@types/parseurl/-/parseurl-1.3.1.tgz",
      "integrity": "sha1-48sRAhYOSO+ln0l8TsIt7k87Wyc=",
      "dev": true,
      "requires": {
        "@types/node": "*"
      }
    },
    "@types/path-is-inside": {
      "version": "1.0.0",
      "resolved": "https://registry.npmjs.org/@types/path-is-inside/-/path-is-inside-1.0.0.tgz",
      "integrity": "sha512-hfnXRGugz+McgX2jxyy5qz9sB21LRzlGn24zlwN2KEgoPtEvjzNRrLtUkOOebPDPZl3Rq7ywKxYvylVcEZDnEw==",
      "dev": true
    },
    "@types/pify": {
      "version": "3.0.2",
      "resolved": "https://registry.npmjs.org/@types/pify/-/pify-3.0.2.tgz",
      "integrity": "sha512-a5AKF1/9pCU3HGMkesgY6LsBdXHUY3WU+I2qgpU0J+I8XuJA1aFr59eS84/HP0+dxsyBSNbt+4yGI2adUpHwSg==",
      "dev": true
    },
    "@types/proxy-addr": {
      "version": "2.0.0",
      "resolved": "https://registry.npmjs.org/@types/proxy-addr/-/proxy-addr-2.0.0.tgz",
      "integrity": "sha512-JEm0kSrO3CjbFSLpYeYhCscS0vpW1mIWedhWuurJnYbMzY1vcm9fzJ6TL6SWq3m/m3g4KUV5JBT69mQSwUHZHg==",
      "dev": true,
      "requires": {
        "@types/node": "*"
      }
    },
    "@types/qs": {
      "version": "6.9.0",
      "resolved": "https://registry.npmjs.org/@types/qs/-/qs-6.9.0.tgz",
      "integrity": "sha512-c4zji5CjWv1tJxIZkz1oUtGcdOlsH3aza28Nqmm+uNDWBRHoMsjooBEN4czZp1V3iXPihE/VRUOBqg+4Xq0W4g==",
      "dev": true
    },
    "@types/range-parser": {
      "version": "1.2.3",
      "resolved": "https://registry.npmjs.org/@types/range-parser/-/range-parser-1.2.3.tgz",
      "integrity": "sha512-ewFXqrQHlFsgc09MK5jP5iR7vumV/BYayNC6PgJO2LPe8vrnNFyjQjSppfEngITi0qvfKtzFvgKymGheFM9UOA==",
      "dev": true
    },
    "@types/rc": {
      "version": "1.1.0",
      "resolved": "https://registry.npmjs.org/@types/rc/-/rc-1.1.0.tgz",
      "integrity": "sha512-qw1q31xPnaeExbOA1daA3nfeKW2uZQN4Xg8QqZDM3vsXPHK/lyDpjWXJQIcrByRDcBzZJ3ccchSMMTDtCWgFpA==",
      "dev": true
    },
    "@types/registry-auth-token": {
      "version": "3.3.0",
      "resolved": "https://registry.npmjs.org/@types/registry-auth-token/-/registry-auth-token-3.3.0.tgz",
      "integrity": "sha512-HEnnGNRFbVXwqLV1xzQTY4zElLEn85mHAXm9LbAut0+gQI6LafAhW0qmCLuBcm5QtekXQWXFGchi0ZjTdX6Upw==",
      "dev": true
    },
    "@types/safer-buffer": {
      "version": "2.1.0",
      "resolved": "https://registry.npmjs.org/@types/safer-buffer/-/safer-buffer-2.1.0.tgz",
      "integrity": "sha512-04WlrCdOLy1Ejpwc3A7qyZzsH6uqeWoH+XO80V8S8NRubGg+E4FMMM3VAS6jZZ8w+dXki1/5FI5upmMDQlaQsQ==",
      "dev": true,
      "requires": {
        "@types/node": "*"
      }
    },
    "@types/semver": {
      "version": "6.2.0",
      "resolved": "https://registry.npmjs.org/@types/semver/-/semver-6.2.0.tgz",
      "integrity": "sha512-1OzrNb4RuAzIT7wHSsgZRlMBlNsJl+do6UblR7JMW4oB7bbR+uBEYtUh7gEc/jM84GGilh68lSOokyM/zNUlBA==",
      "dev": true
    },
    "@types/send": {
      "version": "0.14.5",
      "resolved": "https://registry.npmjs.org/@types/send/-/send-0.14.5.tgz",
      "integrity": "sha512-0mwoiK3DXXBu0GIfo+jBv4Wo5s1AcsxdpdwNUtflKm99VEMvmBPJ+/NBNRZy2R5JEYfWL/u4nAHuTUTA3wFecQ==",
      "dev": true,
      "requires": {
        "@types/mime": "*",
        "@types/node": "*"
      }
    },
    "@types/serve-static": {
      "version": "1.13.3",
      "resolved": "https://registry.npmjs.org/@types/serve-static/-/serve-static-1.13.3.tgz",
      "integrity": "sha512-oprSwp094zOglVrXdlo/4bAHtKTAxX6VT8FOZlBKrmyLbNvE1zxZyJ6yikMVtHIvwP45+ZQGJn+FdXGKTozq0g==",
      "dev": true,
      "requires": {
        "@types/express-serve-static-core": "*",
        "@types/mime": "*"
      }
    },
    "@types/shebang-command": {
      "version": "1.2.0",
      "resolved": "https://registry.npmjs.org/@types/shebang-command/-/shebang-command-1.2.0.tgz",
      "integrity": "sha512-vjV2A9x5R1rrXdFJEVume0sK9vcvsviuwS68PRZVwd/QG2ozRKBkXl1E848lPBJCamN7lKGP1XNe4FNAFtr8BQ==",
      "dev": true
    },
    "@types/signal-exit": {
      "version": "3.0.0",
      "resolved": "https://registry.npmjs.org/@types/signal-exit/-/signal-exit-3.0.0.tgz",
      "integrity": "sha512-MaJ+16SOXz0Z27EMf3d88+B6UDglq1sn140a+5X/ROLkIcEfRq0CPg+1B2efF1GXQn4n+aKH4ti2hHG4Ya+Dzg==",
      "dev": true
    },
    "@types/statuses": {
      "version": "1.5.0",
      "resolved": "https://registry.npmjs.org/@types/statuses/-/statuses-1.5.0.tgz",
      "integrity": "sha512-4zJN5gJH+Km6hA36z8MnOKas6EU0qwxItTXNijYDPuZUsSk4EpIAB56fwnxZIhi3tHx42J7wqNdQTqt49Ar9FQ==",
      "dev": true
    },
    "@types/supports-color": {
      "version": "5.3.0",
      "resolved": "https://registry.npmjs.org/@types/supports-color/-/supports-color-5.3.0.tgz",
      "integrity": "sha512-WxwTXnHTIsk7srax1icjLgX+6w1MUAJbhyCpRP/45paEElsPDQUJZDgr1UpKuL2S3Tb+ZyX9MjWwmcSD4bUoOQ==",
      "dev": true
    },
    "@types/touch": {
      "version": "3.1.1",
      "resolved": "https://registry.npmjs.org/@types/touch/-/touch-3.1.1.tgz",
      "integrity": "sha512-6qjr7Erk0b9FkZSu17wUJaWhmzUgGfQuec7eIwl9cP7V/YO/k9IcMnHSwAjxAeadC5guq9rwHcoij7PT1RkO1w==",
      "dev": true,
      "requires": {
        "@types/node": "*"
      }
    },
    "@types/tough-cookie": {
      "version": "2.3.5",
      "resolved": "https://registry.npmjs.org/@types/tough-cookie/-/tough-cookie-2.3.5.tgz",
      "integrity": "sha512-SCcK7mvGi3+ZNz833RRjFIxrn4gI1PPR3NtuIS+6vMkvmsGjosqTJwRt5bAEFLRz+wtJMWv8+uOnZf2hi2QXTg==",
      "dev": true
    },
    "@types/type-is": {
      "version": "1.6.3",
      "resolved": "https://registry.npmjs.org/@types/type-is/-/type-is-1.6.3.tgz",
      "integrity": "sha512-PNs5wHaNcBgCQG5nAeeZ7OvosrEsI9O4W2jAOO9BCCg4ux9ZZvH2+0iSCOIDBiKuQsiNS8CBlmfX9f5YBQ22cA==",
      "dev": true,
      "requires": {
        "@types/node": "*"
      }
    },
    "@types/update-notifier": {
      "version": "2.5.0",
      "resolved": "https://registry.npmjs.org/@types/update-notifier/-/update-notifier-2.5.0.tgz",
      "integrity": "sha512-YV+ZcSIiv30GhLM7WwxI+bsbcW34d3Yhl2JSFBNFL6qtfsoI9++hogxz+jTqeS86ynKcMUE0AsnLWQynfJnsfA==",
      "dev": true
    },
    "@types/utils-merge": {
      "version": "0.0.28",
      "resolved": "https://registry.npmjs.org/@types/utils-merge/-/utils-merge-0.0.28.tgz",
      "integrity": "sha1-QpEICsnp0Zefv6FegECBDKWsa9g=",
      "dev": true
    },
    "@types/vary": {
      "version": "1.1.0",
      "resolved": "https://registry.npmjs.org/@types/vary/-/vary-1.1.0.tgz",
      "integrity": "sha512-LQWqrIa0dvEOOH37lGksMEXbypRLUFqu6Gx0pmX7zIUisD2I/qaVgEX/vJ/PSVSW0Hk6yz1BNkFpqg6dZm3Wug==",
      "dev": true,
      "requires": {
        "@types/node": "*"
      }
    },
    "@types/which": {
      "version": "1.3.2",
      "resolved": "https://registry.npmjs.org/@types/which/-/which-1.3.2.tgz",
      "integrity": "sha512-8oDqyLC7eD4HM307boe2QWKyuzdzWBj56xI/imSl2cpL+U3tCMaTAkMJ4ee5JBZ/FsOJlvRGeIShiZDAl1qERA==",
      "dev": true
    },
    "@types/write-file-atomic": {
      "version": "2.1.2",
      "resolved": "https://registry.npmjs.org/@types/write-file-atomic/-/write-file-atomic-2.1.2.tgz",
      "integrity": "sha512-/P4wq72qka9+JNqDgHe7Kr2Gpu1kmhA0H8tLlKi9G0eXmePiuT9k0izZAdkXXNA6Nb27xnzdgjRv2jZWO3+2oQ==",
      "dev": true,
      "requires": {
        "@types/node": "*"
      }
    },
    "@types/yallist": {
      "version": "3.0.1",
      "resolved": "https://registry.npmjs.org/@types/yallist/-/yallist-3.0.1.tgz",
      "integrity": "sha512-nky1uSaFye8rZctRgEd+hC0rNZuDDH49DwOHdSIvgiRZPERVvcEFfV3kUReE60GMFNjG1z8x9ncSb+WKj3cMcA==",
      "dev": true
    },
    "asynckit": {
      "version": "0.4.0",
      "resolved": "https://registry.npmjs.org/asynckit/-/asynckit-0.4.0.tgz",
      "integrity": "sha1-x57Zf380y48robyXkLzDZkdLS3k=",
      "dev": true
    },
    "combined-stream": {
      "version": "1.0.8",
      "resolved": "https://registry.npmjs.org/combined-stream/-/combined-stream-1.0.8.tgz",
      "integrity": "sha512-FQN4MRfuJeHf7cBbBMJFXhKSDq+2kAArBlmRBvcvFE5BB1HZKXtSFASDhdlz9zOYwxh8lDdnvmMOe/+5cdoEdg==",
      "dev": true,
      "requires": {
        "delayed-stream": "~1.0.0"
      }
    },
    "delayed-stream": {
      "version": "1.0.0",
      "resolved": "https://registry.npmjs.org/delayed-stream/-/delayed-stream-1.0.0.tgz",
      "integrity": "sha1-3zrhmayt+31ECqrgsp4icrJOxhk=",
      "dev": true
    },
    "form-data": {
      "version": "2.5.1",
      "resolved": "https://registry.npmjs.org/form-data/-/form-data-2.5.1.tgz",
      "integrity": "sha512-m21N3WOmEEURgk6B9GLOE4RuWOFf28Lhh9qGYeNlGq4VDXUlJy2th2slBNU8Gp8EzloYZOibZJ7t5ecIrFSjVA==",
      "dev": true,
      "requires": {
        "asynckit": "^0.4.0",
        "combined-stream": "^1.0.6",
        "mime-types": "^2.1.12"
      }
    },
    "mime-db": {
      "version": "1.42.0",
      "resolved": "https://registry.npmjs.org/mime-db/-/mime-db-1.42.0.tgz",
      "integrity": "sha512-UbfJCR4UAVRNgMpfImz05smAXK7+c+ZntjaA26ANtkXLlOe947Aag5zdIcKQULAiF9Cq4WxBi9jUs5zkA84bYQ==",
      "dev": true
    },
    "mime-types": {
      "version": "2.1.25",
      "resolved": "https://registry.npmjs.org/mime-types/-/mime-types-2.1.25.tgz",
      "integrity": "sha512-5KhStqB5xpTAeGqKBAMgwaYMnQik7teQN4IAzC7npDv6kzeU6prfkR67bc87J1kWMPGkoaZSq1npmexMgkmEVg==",
      "dev": true,
      "requires": {
        "mime-db": "1.42.0"
      }
    },
    "types-registry": {
      "version": "0.1.466",
      "resolved": "https://registry.npmjs.org/types-registry/-/types-registry-0.1.466.tgz",
      "integrity": "sha512-6bCx459thM4MrST9xCLRXnE5MK4nYL5mN9XpHsCxzUdAJOs/atzEyl8bJcMY/y8eMb+r2iCl6vlC45PGzpavNA=="
    }
  }
}
